// !$*UTF8*$!
{
	archiveVersion = 1;
	classes = {
	};
	objectVersion = 46;
	objects = {

/* Begin PBXBuildFile section */
		2762727119BFB39E00625CA4 /* FDHTTPRequest.h in Headers */ = {isa = PBXBuildFile; fileRef = 279FAB1F196AF5F80050BA4D /* FDHTTPRequest.h */; settings = {ATTRIBUTES = (Public, ); }; };
		2762727219BFB39E00625CA4 /* FDHTTPRequest.m in Sources */ = {isa = PBXBuildFile; fileRef = 279FAB20196AF5F80050BA4D /* FDHTTPRequest.m */; };
		2762727319BFB39E00625CA4 /* FDRequestClient.h in Headers */ = {isa = PBXBuildFile; fileRef = 279FAB21196AF5F80050BA4D /* FDRequestClient.h */; settings = {ATTRIBUTES = (Public, ); }; };
		2762727419BFB39E00625CA4 /* FDRequestClient.m in Sources */ = {isa = PBXBuildFile; fileRef = 279FAB22196AF5F80050BA4D /* FDRequestClient.m */; };
		2762727519BFB39E00625CA4 /* FDRequestClientTask.h in Headers */ = {isa = PBXBuildFile; fileRef = 279FAB24196AF5F80050BA4D /* FDRequestClientTask.h */; settings = {ATTRIBUTES = (Public, ); }; };
		2762727619BFB39E00625CA4 /* FDRequestClientTask.m in Sources */ = {isa = PBXBuildFile; fileRef = 279FAB25196AF5F80050BA4D /* FDRequestClientTask.m */; };
		2762727719BFB39E00625CA4 /* FDRequestClientTaskGroup.h in Headers */ = {isa = PBXBuildFile; fileRef = 27B2AA791987EB7400148A7D /* FDRequestClientTaskGroup.h */; settings = {ATTRIBUTES = (Public, ); }; };
		2762727819BFB39E00625CA4 /* FDRequestClientTaskGroup.m in Sources */ = {isa = PBXBuildFile; fileRef = 27B2AA7A1987EB7400148A7D /* FDRequestClientTaskGroup.m */; };
		2762727919BFB39E00625CA4 /* FDURLResponse.h in Headers */ = {isa = PBXBuildFile; fileRef = 279FAB27196AF5F80050BA4D /* FDURLResponse.h */; settings = {ATTRIBUTES = (Public, ); }; };
		2762727A19BFB39E00625CA4 /* FDURLResponse.m in Sources */ = {isa = PBXBuildFile; fileRef = 279FAB28196AF5F80050BA4D /* FDURLResponse.m */; };
		2762727B19BFB39E00625CA4 /* UIApplication+NetworkActivityIndicator.h in Headers */ = {isa = PBXBuildFile; fileRef = 279FAB29196AF5F80050BA4D /* UIApplication+NetworkActivityIndicator.h */; settings = {ATTRIBUTES = (Public, ); }; };
		2762727C19BFB39E00625CA4 /* UIApplication+NetworkActivityIndicator.m in Sources */ = {isa = PBXBuildFile; fileRef = 279FAB2A196AF5F80050BA4D /* UIApplication+NetworkActivityIndicator.m */; };
		279FAB2B196AF5F80050BA4D /* FDHTTPRequest.m in Sources */ = {isa = PBXBuildFile; fileRef = 279FAB20196AF5F80050BA4D /* FDHTTPRequest.m */; };
		279FAB2C196AF5F80050BA4D /* FDRequestClient.m in Sources */ = {isa = PBXBuildFile; fileRef = 279FAB22196AF5F80050BA4D /* FDRequestClient.m */; };
		279FAB2D196AF5F80050BA4D /* FDRequestClientTask.m in Sources */ = {isa = PBXBuildFile; fileRef = 279FAB25196AF5F80050BA4D /* FDRequestClientTask.m */; };
		279FAB2E196AF5F80050BA4D /* FDURLResponse.m in Sources */ = {isa = PBXBuildFile; fileRef = 279FAB28196AF5F80050BA4D /* FDURLResponse.m */; };
		279FAB30196AF6050050BA4D /* FDHTTPRequest.h in CopyFiles */ = {isa = PBXBuildFile; fileRef = 279FAB1F196AF5F80050BA4D /* FDHTTPRequest.h */; };
		279FAB31196AF6050050BA4D /* FDRequestClient.h in CopyFiles */ = {isa = PBXBuildFile; fileRef = 279FAB21196AF5F80050BA4D /* FDRequestClient.h */; };
		279FAB33196AF6050050BA4D /* FDRequestClientTask.h in CopyFiles */ = {isa = PBXBuildFile; fileRef = 279FAB24196AF5F80050BA4D /* FDRequestClientTask.h */; };
		279FAB35196AF6050050BA4D /* FDURLResponse.h in CopyFiles */ = {isa = PBXBuildFile; fileRef = 279FAB27196AF5F80050BA4D /* FDURLResponse.h */; };
		279FAB36196AF6050050BA4D /* UIApplication+NetworkActivityIndicator.h in CopyFiles */ = {isa = PBXBuildFile; fileRef = 279FAB29196AF5F80050BA4D /* UIApplication+NetworkActivityIndicator.h */; };
		27B2AA7B1987EB7400148A7D /* FDRequestClientTaskGroup.m in Sources */ = {isa = PBXBuildFile; fileRef = 27B2AA7A1987EB7400148A7D /* FDRequestClientTaskGroup.m */; };
		27B2AA8B1987EF9300148A7D /* FDRequestClientTaskGroup.h in CopyFiles */ = {isa = PBXBuildFile; fileRef = 27B2AA791987EB7400148A7D /* FDRequestClientTaskGroup.h */; };
		27F79DB719B7884900E118DB /* libFDFoundationKit.a in Frameworks */ = {isa = PBXBuildFile; fileRef = 2737BE4919B7828F0057209A /* libFDFoundationKit.a */; };
		27F79DDF19B788FA00E118DB /* FDHTTPRequest.h in Headers */ = {isa = PBXBuildFile; fileRef = 279FAB1F196AF5F80050BA4D /* FDHTTPRequest.h */; settings = {ATTRIBUTES = (Public, ); }; };
		27F79DE019B788FA00E118DB /* FDHTTPRequest.m in Sources */ = {isa = PBXBuildFile; fileRef = 279FAB20196AF5F80050BA4D /* FDHTTPRequest.m */; };
		27F79DE119B788FA00E118DB /* FDRequestClient.h in Headers */ = {isa = PBXBuildFile; fileRef = 279FAB21196AF5F80050BA4D /* FDRequestClient.h */; settings = {ATTRIBUTES = (Public, ); }; };
		27F79DE219B788FA00E118DB /* FDRequestClient.m in Sources */ = {isa = PBXBuildFile; fileRef = 279FAB22196AF5F80050BA4D /* FDRequestClient.m */; };
		27F79DE319B788FA00E118DB /* FDRequestClientTask.h in Headers */ = {isa = PBXBuildFile; fileRef = 279FAB24196AF5F80050BA4D /* FDRequestClientTask.h */; settings = {ATTRIBUTES = (Public, ); }; };
		27F79DE419B788FA00E118DB /* FDRequestClientTask.m in Sources */ = {isa = PBXBuildFile; fileRef = 279FAB25196AF5F80050BA4D /* FDRequestClientTask.m */; };
		27F79DE519B788FA00E118DB /* FDRequestClientTaskGroup.h in Headers */ = {isa = PBXBuildFile; fileRef = 27B2AA791987EB7400148A7D /* FDRequestClientTaskGroup.h */; settings = {ATTRIBUTES = (Public, ); }; };
		27F79DE619B788FA00E118DB /* FDRequestClientTaskGroup.m in Sources */ = {isa = PBXBuildFile; fileRef = 27B2AA7A1987EB7400148A7D /* FDRequestClientTaskGroup.m */; };
		27F79DE819B788FA00E118DB /* FDURLResponse.h in Headers */ = {isa = PBXBuildFile; fileRef = 279FAB27196AF5F80050BA4D /* FDURLResponse.h */; settings = {ATTRIBUTES = (Public, ); }; };
		27F79DE919B788FA00E118DB /* FDURLResponse.m in Sources */ = {isa = PBXBuildFile; fileRef = 279FAB28196AF5F80050BA4D /* FDURLResponse.m */; };
		27F79DEF19B78E9800E118DB /* UIApplication+NetworkActivityIndicator.m in Sources */ = {isa = PBXBuildFile; fileRef = 279FAB2A196AF5F80050BA4D /* UIApplication+NetworkActivityIndicator.m */; };
/* End PBXBuildFile section */

/* Begin PBXContainerItemProxy section */
		2733DD5119BFB1FB00D8455E /* PBXContainerItemProxy */ = {
			isa = PBXContainerItemProxy;
			containerPortal = 2737BE4419B7828F0057209A /* FDFoundationKit.xcodeproj */;
			proxyType = 2;
			remoteGlobalIDString = 2751AD8F19BFA84E00844BC5;
			remoteInfo = "FDFoundationKit iOS";
		};
		2737BE4819B7828F0057209A /* PBXContainerItemProxy */ = {
			isa = PBXContainerItemProxy;
			containerPortal = 2737BE4419B7828F0057209A /* FDFoundationKit.xcodeproj */;
			proxyType = 2;
			remoteGlobalIDString = 2722325F18C26A180051677A;
			remoteInfo = "FDFoundationKit iOS";
		};
		2737BE4A19B782B20057209A /* PBXContainerItemProxy */ = {
			isa = PBXContainerItemProxy;
			containerPortal = 2737BE4419B7828F0057209A /* FDFoundationKit.xcodeproj */;
			proxyType = 1;
			remoteGlobalIDString = 2722325E18C26A180051677A;
			remoteInfo = "FDFoundationKit iOS";
		};
		2762727D19BFB51700625CA4 /* PBXContainerItemProxy */ = {
			isa = PBXContainerItemProxy;
			containerPortal = 2737BE4419B7828F0057209A /* FDFoundationKit.xcodeproj */;
			proxyType = 1;
			remoteGlobalIDString = 2751AD8E19BFA84E00844BC5;
			remoteInfo = "FDFoundationKit iOS";
		};
		27F79DB319B7881A00E118DB /* PBXContainerItemProxy */ = {
			isa = PBXContainerItemProxy;
			containerPortal = 2737BE4419B7828F0057209A /* FDFoundationKit.xcodeproj */;
			proxyType = 2;
			remoteGlobalIDString = 27E4982C19B7864800639C30;
			remoteInfo = "FDFoundationKit OS X";
		};
		27F79DEC19B78E2000E118DB /* PBXContainerItemProxy */ = {
			isa = PBXContainerItemProxy;
			containerPortal = 2737BE4419B7828F0057209A /* FDFoundationKit.xcodeproj */;
			proxyType = 1;
			remoteGlobalIDString = 27E4982B19B7864800639C30;
			remoteInfo = "FDFoundationKit OS X";
		};
/* End PBXContainerItemProxy section */

/* Begin PBXCopyFilesBuildPhase section */
		27AE0F9316ADBFF1001F5771 /* CopyFiles */ = {
			isa = PBXCopyFilesBuildPhase;
			buildActionMask = 2147483647;
			dstPath = "include/$(PRODUCT_NAME)";
			dstSubfolderSpec = 16;
			files = (
				27B2AA8B1987EF9300148A7D /* FDRequestClientTaskGroup.h in CopyFiles */,
				279FAB30196AF6050050BA4D /* FDHTTPRequest.h in CopyFiles */,
				279FAB31196AF6050050BA4D /* FDRequestClient.h in CopyFiles */,
				279FAB33196AF6050050BA4D /* FDRequestClientTask.h in CopyFiles */,
				279FAB35196AF6050050BA4D /* FDURLResponse.h in CopyFiles */,
				279FAB36196AF6050050BA4D /* UIApplication+NetworkActivityIndicator.h in CopyFiles */,
			);
			runOnlyForDeploymentPostprocessing = 0;
		};
/* End PBXCopyFilesBuildPhase section */

/* Begin PBXFileReference section */
		2737BE4419B7828F0057209A /* FDFoundationKit.xcodeproj */ = {isa = PBXFileReference; lastKnownFileType = "wrapper.pb-project"; name = FDFoundationKit.xcodeproj; path = "FDFoundationKit/Framework Project/FDFoundationKit.xcodeproj"; sourceTree = "<group>"; };
		2762725819BFB36600625CA4 /* FDRequestClient.framework */ = {isa = PBXFileReference; explicitFileType = wrapper.framework; includeInIndex = 0; path = FDRequestClient.framework; sourceTree = BUILT_PRODUCTS_DIR; };
		2762727019BFB38B00625CA4 /* Info.plist */ = {isa = PBXFileReference; lastKnownFileType = text.plist.xml; path = Info.plist; sourceTree = "<group>"; };
		279FAB1F196AF5F80050BA4D /* FDHTTPRequest.h */ = {isa = PBXFileReference; fileEncoding = 4; lastKnownFileType = sourcecode.c.h; path = FDHTTPRequest.h; sourceTree = "<group>"; };
		279FAB20196AF5F80050BA4D /* FDHTTPRequest.m */ = {isa = PBXFileReference; fileEncoding = 4; lastKnownFileType = sourcecode.c.objc; path = FDHTTPRequest.m; sourceTree = "<group>"; };
		279FAB21196AF5F80050BA4D /* FDRequestClient.h */ = {isa = PBXFileReference; fileEncoding = 4; lastKnownFileType = sourcecode.c.h; path = FDRequestClient.h; sourceTree = "<group>"; };
		279FAB22196AF5F80050BA4D /* FDRequestClient.m */ = {isa = PBXFileReference; fileEncoding = 4; lastKnownFileType = sourcecode.c.objc; path = FDRequestClient.m; sourceTree = "<group>"; };
		279FAB23196AF5F80050BA4D /* FDRequestClientTask+Private.h */ = {isa = PBXFileReference; fileEncoding = 4; lastKnownFileType = sourcecode.c.h; path = "FDRequestClientTask+Private.h"; sourceTree = "<group>"; };
		279FAB24196AF5F80050BA4D /* FDRequestClientTask.h */ = {isa = PBXFileReference; fileEncoding = 4; lastKnownFileType = sourcecode.c.h; path = FDRequestClientTask.h; sourceTree = "<group>"; };
		279FAB25196AF5F80050BA4D /* FDRequestClientTask.m */ = {isa = PBXFileReference; fileEncoding = 4; lastKnownFileType = sourcecode.c.objc; path = FDRequestClientTask.m; sourceTree = "<group>"; };
		279FAB26196AF5F80050BA4D /* FDURLResponse+Private.h */ = {isa = PBXFileReference; fileEncoding = 4; lastKnownFileType = sourcecode.c.h; path = "FDURLResponse+Private.h"; sourceTree = "<group>"; };
		279FAB27196AF5F80050BA4D /* FDURLResponse.h */ = {isa = PBXFileReference; fileEncoding = 4; lastKnownFileType = sourcecode.c.h; path = FDURLResponse.h; sourceTree = "<group>"; };
		279FAB28196AF5F80050BA4D /* FDURLResponse.m */ = {isa = PBXFileReference; fileEncoding = 4; lastKnownFileType = sourcecode.c.objc; path = FDURLResponse.m; sourceTree = "<group>"; };
		279FAB29196AF5F80050BA4D /* UIApplication+NetworkActivityIndicator.h */ = {isa = PBXFileReference; fileEncoding = 4; lastKnownFileType = sourcecode.c.h; path = "UIApplication+NetworkActivityIndicator.h"; sourceTree = "<group>"; };
		279FAB2A196AF5F80050BA4D /* UIApplication+NetworkActivityIndicator.m */ = {isa = PBXFileReference; fileEncoding = 4; lastKnownFileType = sourcecode.c.objc; path = "UIApplication+NetworkActivityIndicator.m"; sourceTree = "<group>"; };
		27AE0F3616AD966A001F5771 /* libFDRequestClient.a */ = {isa = PBXFileReference; explicitFileType = archive.ar; includeInIndex = 0; path = libFDRequestClient.a; sourceTree = BUILT_PRODUCTS_DIR; };
		27B2AA791987EB7400148A7D /* FDRequestClientTaskGroup.h */ = {isa = PBXFileReference; fileEncoding = 4; lastKnownFileType = sourcecode.c.h; path = FDRequestClientTaskGroup.h; sourceTree = "<group>"; };
		27B2AA7A1987EB7400148A7D /* FDRequestClientTaskGroup.m */ = {isa = PBXFileReference; fileEncoding = 4; lastKnownFileType = sourcecode.c.objc; path = FDRequestClientTaskGroup.m; sourceTree = "<group>"; };
		27F79D8919B7881A00E118DB /* FDRequestClient.framework */ = {isa = PBXFileReference; explicitFileType = wrapper.framework; includeInIndex = 0; path = FDRequestClient.framework; sourceTree = BUILT_PRODUCTS_DIR; };
		27F79DB919B7887D00E118DB /* Info.plist */ = {isa = PBXFileReference; lastKnownFileType = text.plist.xml; path = Info.plist; sourceTree = "<group>"; };
/* End PBXFileReference section */

/* Begin PBXFrameworksBuildPhase section */
		2762725419BFB36600625CA4 /* Frameworks */ = {
			isa = PBXFrameworksBuildPhase;
			buildActionMask = 2147483647;
			files = (
			);
			runOnlyForDeploymentPostprocessing = 0;
		};
		27AE0F3316AD966A001F5771 /* Frameworks */ = {
			isa = PBXFrameworksBuildPhase;
			buildActionMask = 2147483647;
			files = (
				27F79DB719B7884900E118DB /* libFDFoundationKit.a in Frameworks */,
			);
			runOnlyForDeploymentPostprocessing = 0;
		};
		27F79D8519B7881A00E118DB /* Frameworks */ = {
			isa = PBXFrameworksBuildPhase;
			buildActionMask = 2147483647;
			files = (
			);
			runOnlyForDeploymentPostprocessing = 0;
		};
/* End PBXFrameworksBuildPhase section */

/* Begin PBXGroup section */
		2737BE4519B7828F0057209A /* Products */ = {
			isa = PBXGroup;
			children = (
				2733DD5219BFB1FB00D8455E /* FDFoundationKit.framework */,
				27F79DB419B7881A00E118DB /* FDFoundationKit.framework */,
				2737BE4919B7828F0057209A /* libFDFoundationKit.a */,
			);
			name = Products;
			sourceTree = "<group>";
		};
		2762726F19BFB38B00625CA4 /* iOS Supporting Files */ = {
			isa = PBXGroup;
			children = (
				2762727019BFB38B00625CA4 /* Info.plist */,
			);
			path = "iOS Supporting Files";
			sourceTree = "<group>";
		};
		279FAB1E196AF5F80050BA4D /* FDRequestClient */ = {
			isa = PBXGroup;
			children = (
				279FAB1F196AF5F80050BA4D /* FDHTTPRequest.h */,
				279FAB20196AF5F80050BA4D /* FDHTTPRequest.m */,
				279FAB21196AF5F80050BA4D /* FDRequestClient.h */,
				279FAB22196AF5F80050BA4D /* FDRequestClient.m */,
				279FAB23196AF5F80050BA4D /* FDRequestClientTask+Private.h */,
				279FAB24196AF5F80050BA4D /* FDRequestClientTask.h */,
				279FAB25196AF5F80050BA4D /* FDRequestClientTask.m */,
				27B2AA791987EB7400148A7D /* FDRequestClientTaskGroup.h */,
				27B2AA7A1987EB7400148A7D /* FDRequestClientTaskGroup.m */,
				279FAB26196AF5F80050BA4D /* FDURLResponse+Private.h */,
				279FAB27196AF5F80050BA4D /* FDURLResponse.h */,
				279FAB28196AF5F80050BA4D /* FDURLResponse.m */,
				279FAB29196AF5F80050BA4D /* UIApplication+NetworkActivityIndicator.h */,
				279FAB2A196AF5F80050BA4D /* UIApplication+NetworkActivityIndicator.m */,
			);
			name = FDRequestClient;
			path = ../FDRequestClient;
			sourceTree = "<group>";
		};
		279FAB37196AF6150050BA4D /* Vendors */ = {
			isa = PBXGroup;
			children = (
				2737BE4419B7828F0057209A /* FDFoundationKit.xcodeproj */,
			);
			name = Vendors;
			path = ../Vendors;
			sourceTree = "<group>";
		};
		27AE0F2B16AD966A001F5771 = {
			isa = PBXGroup;
			children = (
				27AE0F3B16AD966A001F5771 /* FDRequestClient Framework */,
				27AE0F3716AD966A001F5771 /* Products */,
			);
			sourceTree = "<group>";
		};
		27AE0F3716AD966A001F5771 /* Products */ = {
			isa = PBXGroup;
			children = (
				27AE0F3616AD966A001F5771 /* libFDRequestClient.a */,
				27F79D8919B7881A00E118DB /* FDRequestClient.framework */,
				2762725819BFB36600625CA4 /* FDRequestClient.framework */,
			);
			name = Products;
			sourceTree = "<group>";
		};
		27AE0F3B16AD966A001F5771 /* FDRequestClient Framework */ = {
			isa = PBXGroup;
			children = (
				279FAB1E196AF5F80050BA4D /* FDRequestClient */,
				2762726F19BFB38B00625CA4 /* iOS Supporting Files */,
				27F79DB819B7887D00E118DB /* OS X Supporting Files */,
				279FAB37196AF6150050BA4D /* Vendors */,
			);
			name = "FDRequestClient Framework";
			sourceTree = "<group>";
		};
		27F79DB819B7887D00E118DB /* OS X Supporting Files */ = {
			isa = PBXGroup;
			children = (
				27F79DB919B7887D00E118DB /* Info.plist */,
			);
			path = "OS X Supporting Files";
			sourceTree = "<group>";
		};
/* End PBXGroup section */

/* Begin PBXHeadersBuildPhase section */
		2762725519BFB36600625CA4 /* Headers */ = {
			isa = PBXHeadersBuildPhase;
			buildActionMask = 2147483647;
			files = (
				2762727119BFB39E00625CA4 /* FDHTTPRequest.h in Headers */,
				2762727519BFB39E00625CA4 /* FDRequestClientTask.h in Headers */,
				2762727719BFB39E00625CA4 /* FDRequestClientTaskGroup.h in Headers */,
				2762727319BFB39E00625CA4 /* FDRequestClient.h in Headers */,
				2762727919BFB39E00625CA4 /* FDURLResponse.h in Headers */,
				2762727B19BFB39E00625CA4 /* UIApplication+NetworkActivityIndicator.h in Headers */,
			);
			runOnlyForDeploymentPostprocessing = 0;
		};
		27F79D8619B7881A00E118DB /* Headers */ = {
			isa = PBXHeadersBuildPhase;
			buildActionMask = 2147483647;
			files = (
				27F79DDF19B788FA00E118DB /* FDHTTPRequest.h in Headers */,
				27F79DE319B788FA00E118DB /* FDRequestClientTask.h in Headers */,
				27F79DE519B788FA00E118DB /* FDRequestClientTaskGroup.h in Headers */,
				27F79DE119B788FA00E118DB /* FDRequestClient.h in Headers */,
				27F79DE819B788FA00E118DB /* FDURLResponse.h in Headers */,
			);
			runOnlyForDeploymentPostprocessing = 0;
		};
/* End PBXHeadersBuildPhase section */

/* Begin PBXNativeTarget section */
		2762725719BFB36600625CA4 /* FDRequestClient iOS */ = {
			isa = PBXNativeTarget;
			buildConfigurationList = 2762726D19BFB36600625CA4 /* Build configuration list for PBXNativeTarget "FDRequestClient iOS" */;
			buildPhases = (
				2762725319BFB36600625CA4 /* Sources */,
				2762725419BFB36600625CA4 /* Frameworks */,
				2762725519BFB36600625CA4 /* Headers */,
				2762725619BFB36600625CA4 /* Resources */,
			);
			buildRules = (
			);
			dependencies = (
				2762727E19BFB51700625CA4 /* PBXTargetDependency */,
			);
			name = "FDRequestClient iOS";
			productName = "FDRequestClient iOS";
			productReference = 2762725819BFB36600625CA4 /* FDRequestClient.framework */;
			productType = "com.apple.product-type.framework";
		};
		27AE0F3516AD966A001F5771 /* FDRequestClient iOS (Static) */ = {
			isa = PBXNativeTarget;
			buildConfigurationList = 27AE0F4416AD966A001F5771 /* Build configuration list for PBXNativeTarget "FDRequestClient iOS (Static)" */;
			buildPhases = (
				27AE0F3216AD966A001F5771 /* Sources */,
				27AE0F3316AD966A001F5771 /* Frameworks */,
				27AE0F9316ADBFF1001F5771 /* CopyFiles */,
			);
			buildRules = (
			);
			dependencies = (
				2737BE4B19B782B20057209A /* PBXTargetDependency */,
			);
			name = "FDRequestClient iOS (Static)";
			productName = "FDRequestClient Static Library";
			productReference = 27AE0F3616AD966A001F5771 /* libFDRequestClient.a */;
			productType = "com.apple.product-type.library.static";
		};
		27F79D8819B7881A00E118DB /* FDRequestClient OS X */ = {
			isa = PBXNativeTarget;
			buildConfigurationList = 27F79DB519B7881A00E118DB /* Build configuration list for PBXNativeTarget "FDRequestClient OS X" */;
			buildPhases = (
				27F79D8419B7881A00E118DB /* Sources */,
				27F79D8519B7881A00E118DB /* Frameworks */,
				27F79D8619B7881A00E118DB /* Headers */,
				27F79D8719B7881A00E118DB /* Resources */,
			);
			buildRules = (
			);
			dependencies = (
				27F79DED19B78E2000E118DB /* PBXTargetDependency */,
			);
			name = "FDRequestClient OS X";
			productName = "FDRequestClient OS X";
			productReference = 27F79D8919B7881A00E118DB /* FDRequestClient.framework */;
			productType = "com.apple.product-type.framework";
		};
/* End PBXNativeTarget section */

/* Begin PBXProject section */
		27AE0F2D16AD966A001F5771 /* Project object */ = {
			isa = PBXProject;
			attributes = {
				LastUpgradeCheck = 0600;
				ORGANIZATIONNAME = "1414 Degrees";
				TargetAttributes = {
					2762725719BFB36600625CA4 = {
						CreatedOnToolsVersion = 6.0;
					};
				};
			};
			buildConfigurationList = 27AE0F3016AD966A001F5771 /* Build configuration list for PBXProject "FDRequestClient" */;
			compatibilityVersion = "Xcode 3.2";
			developmentRegion = English;
			hasScannedForEncodings = 0;
			knownRegions = (
				en,
			);
			mainGroup = 27AE0F2B16AD966A001F5771;
			productRefGroup = 27AE0F3716AD966A001F5771 /* Products */;
			projectDirPath = "";
			projectReferences = (
				{
					ProductGroup = 2737BE4519B7828F0057209A /* Products */;
					ProjectRef = 2737BE4419B7828F0057209A /* FDFoundationKit.xcodeproj */;
				},
			);
			projectRoot = "";
			targets = (
				2762725719BFB36600625CA4 /* FDRequestClient iOS */,
				27F79D8819B7881A00E118DB /* FDRequestClient OS X */,
				27AE0F3516AD966A001F5771 /* FDRequestClient iOS (Static) */,
			);
		};
/* End PBXProject section */

/* Begin PBXReferenceProxy section */
		2733DD5219BFB1FB00D8455E /* FDFoundationKit.framework */ = {
			isa = PBXReferenceProxy;
			fileType = wrapper.framework;
			path = FDFoundationKit.framework;
			remoteRef = 2733DD5119BFB1FB00D8455E /* PBXContainerItemProxy */;
			sourceTree = BUILT_PRODUCTS_DIR;
		};
		2737BE4919B7828F0057209A /* libFDFoundationKit.a */ = {
			isa = PBXReferenceProxy;
			fileType = archive.ar;
			path = libFDFoundationKit.a;
			remoteRef = 2737BE4819B7828F0057209A /* PBXContainerItemProxy */;
			sourceTree = BUILT_PRODUCTS_DIR;
		};
		27F79DB419B7881A00E118DB /* FDFoundationKit.framework */ = {
			isa = PBXReferenceProxy;
			fileType = wrapper.framework;
			path = FDFoundationKit.framework;
			remoteRef = 27F79DB319B7881A00E118DB /* PBXContainerItemProxy */;
			sourceTree = BUILT_PRODUCTS_DIR;
		};
/* End PBXReferenceProxy section */

/* Begin PBXResourcesBuildPhase section */
		2762725619BFB36600625CA4 /* Resources */ = {
			isa = PBXResourcesBuildPhase;
			buildActionMask = 2147483647;
			files = (
			);
			runOnlyForDeploymentPostprocessing = 0;
		};
		27F79D8719B7881A00E118DB /* Resources */ = {
			isa = PBXResourcesBuildPhase;
			buildActionMask = 2147483647;
			files = (
			);
			runOnlyForDeploymentPostprocessing = 0;
		};
/* End PBXResourcesBuildPhase section */

/* Begin PBXSourcesBuildPhase section */
		2762725319BFB36600625CA4 /* Sources */ = {
			isa = PBXSourcesBuildPhase;
			buildActionMask = 2147483647;
			files = (
				2762727C19BFB39E00625CA4 /* UIApplication+NetworkActivityIndicator.m in Sources */,
				2762727419BFB39E00625CA4 /* FDRequestClient.m in Sources */,
				2762727619BFB39E00625CA4 /* FDRequestClientTask.m in Sources */,
				2762727219BFB39E00625CA4 /* FDHTTPRequest.m in Sources */,
				2762727819BFB39E00625CA4 /* FDRequestClientTaskGroup.m in Sources */,
				2762727A19BFB39E00625CA4 /* FDURLResponse.m in Sources */,
			);
			runOnlyForDeploymentPostprocessing = 0;
		};
		27AE0F3216AD966A001F5771 /* Sources */ = {
			isa = PBXSourcesBuildPhase;
			buildActionMask = 2147483647;
			files = (
				27F79DEF19B78E9800E118DB /* UIApplication+NetworkActivityIndicator.m in Sources */,
				279FAB2C196AF5F80050BA4D /* FDRequestClient.m in Sources */,
				27B2AA7B1987EB7400148A7D /* FDRequestClientTaskGroup.m in Sources */,
				279FAB2D196AF5F80050BA4D /* FDRequestClientTask.m in Sources */,
				279FAB2E196AF5F80050BA4D /* FDURLResponse.m in Sources */,
				279FAB2B196AF5F80050BA4D /* FDHTTPRequest.m in Sources */,
			);
			runOnlyForDeploymentPostprocessing = 0;
		};
		27F79D8419B7881A00E118DB /* Sources */ = {
			isa = PBXSourcesBuildPhase;
			buildActionMask = 2147483647;
			files = (
				27F79DE219B788FA00E118DB /* FDRequestClient.m in Sources */,
				27F79DE419B788FA00E118DB /* FDRequestClientTask.m in Sources */,
				27F79DE019B788FA00E118DB /* FDHTTPRequest.m in Sources */,
				27F79DE619B788FA00E118DB /* FDRequestClientTaskGroup.m in Sources */,
				27F79DE919B788FA00E118DB /* FDURLResponse.m in Sources */,
			);
			runOnlyForDeploymentPostprocessing = 0;
		};
/* End PBXSourcesBuildPhase section */

/* Begin PBXTargetDependency section */
		2737BE4B19B782B20057209A /* PBXTargetDependency */ = {
			isa = PBXTargetDependency;
			name = "FDFoundationKit iOS";
			targetProxy = 2737BE4A19B782B20057209A /* PBXContainerItemProxy */;
		};
		2762727E19BFB51700625CA4 /* PBXTargetDependency */ = {
			isa = PBXTargetDependency;
			name = "FDFoundationKit iOS";
			targetProxy = 2762727D19BFB51700625CA4 /* PBXContainerItemProxy */;
		};
		27F79DED19B78E2000E118DB /* PBXTargetDependency */ = {
			isa = PBXTargetDependency;
			name = "FDFoundationKit OS X";
			targetProxy = 27F79DEC19B78E2000E118DB /* PBXContainerItemProxy */;
		};
/* End PBXTargetDependency section */

/* Begin XCBuildConfiguration section */
		2762726819BFB36600625CA4 /* Debug */ = {
			isa = XCBuildConfiguration;
			buildSettings = {
				"CODE_SIGN_IDENTITY[sdk=iphoneos*]" = "iPhone Developer";
				CURRENT_PROJECT_VERSION = 1;
				DEFINES_MODULE = YES;
				DYLIB_COMPATIBILITY_VERSION = 1;
				DYLIB_CURRENT_VERSION = 1;
				DYLIB_INSTALL_NAME_BASE = "@rpath";
				ENABLE_STRICT_OBJC_MSGSEND = YES;
				INFOPLIST_FILE = "iOS Supporting Files/Info.plist";
				IPHONEOS_DEPLOYMENT_TARGET = 8.0;
				LD_RUNPATH_SEARCH_PATHS = "$(inherited) @executable_path/Frameworks @loader_path/Frameworks";
				SKIP_INSTALL = YES;
				VERSIONING_SYSTEM = "apple-generic";
				VERSION_INFO_PREFIX = "";
			};
			name = Debug;
		};
		2762726919BFB36600625CA4 /* Release */ = {
			isa = XCBuildConfiguration;
			buildSettings = {
				"CODE_SIGN_IDENTITY[sdk=iphoneos*]" = "iPhone Distribution";
				CURRENT_PROJECT_VERSION = 1;
				DEFINES_MODULE = YES;
				DYLIB_COMPATIBILITY_VERSION = 1;
				DYLIB_CURRENT_VERSION = 1;
				DYLIB_INSTALL_NAME_BASE = "@rpath";
				ENABLE_STRICT_OBJC_MSGSEND = YES;
				INFOPLIST_FILE = "iOS Supporting Files/Info.plist";
				IPHONEOS_DEPLOYMENT_TARGET = 8.0;
				LD_RUNPATH_SEARCH_PATHS = "$(inherited) @executable_path/Frameworks @loader_path/Frameworks";
				SKIP_INSTALL = YES;
				VERSIONING_SYSTEM = "apple-generic";
				VERSION_INFO_PREFIX = "";
			};
			name = Release;
		};
		27AE0F4216AD966A001F5771 /* Debug */ = {
			isa = XCBuildConfiguration;
			buildSettings = {
				ALWAYS_SEARCH_USER_PATHS = NO;
				CLANG_CXX_LANGUAGE_STANDARD = "gnu++0x";
				CLANG_CXX_LIBRARY = "libc++";
				CLANG_ENABLE_MODULES = YES;
				CLANG_ENABLE_OBJC_ARC = YES;
				CLANG_WARN_BOOL_CONVERSION = YES;
				CLANG_WARN_CONSTANT_CONVERSION = YES;
				CLANG_WARN_DIRECT_OBJC_ISA_USAGE = YES_ERROR;
				CLANG_WARN_EMPTY_BODY = YES;
				CLANG_WARN_ENUM_CONVERSION = YES;
				CLANG_WARN_INT_CONVERSION = YES;
				CLANG_WARN_OBJC_ROOT_CLASS = YES_ERROR;
				CLANG_WARN_UNREACHABLE_CODE = YES;
				CLANG_WARN__DUPLICATE_METHOD_MATCH = YES;
				COPY_PHASE_STRIP = NO;
				GCC_C_LANGUAGE_STANDARD = gnu99;
				GCC_DYNAMIC_NO_PIC = NO;
				GCC_OPTIMIZATION_LEVEL = 0;
				GCC_PREPROCESSOR_DEFINITIONS = DEBUG;
				GCC_SYMBOLS_PRIVATE_EXTERN = NO;
				GCC_WARN_64_TO_32_BIT_CONVERSION = YES;
				GCC_WARN_ABOUT_RETURN_TYPE = YES_ERROR;
				GCC_WARN_UNDECLARED_SELECTOR = YES;
				GCC_WARN_UNINITIALIZED_AUTOS = YES_AGGRESSIVE;
				GCC_WARN_UNUSED_FUNCTION = YES;
				GCC_WARN_UNUSED_VARIABLE = YES;
				IPHONEOS_DEPLOYMENT_TARGET = 7.0;
				PRODUCT_NAME = FDRequestClient;
				SDKROOT = iphoneos;
				TARGETED_DEVICE_FAMILY = "1,2";
			};
			name = Debug;
		};
		27AE0F4316AD966A001F5771 /* Release */ = {
			isa = XCBuildConfiguration;
			buildSettings = {
				ALWAYS_SEARCH_USER_PATHS = NO;
				CLANG_CXX_LANGUAGE_STANDARD = "gnu++0x";
				CLANG_CXX_LIBRARY = "libc++";
				CLANG_ENABLE_MODULES = YES;
				CLANG_ENABLE_OBJC_ARC = YES;
				CLANG_WARN_BOOL_CONVERSION = YES;
				CLANG_WARN_CONSTANT_CONVERSION = YES;
				CLANG_WARN_DIRECT_OBJC_ISA_USAGE = YES_ERROR;
				CLANG_WARN_EMPTY_BODY = YES;
				CLANG_WARN_ENUM_CONVERSION = YES;
				CLANG_WARN_INT_CONVERSION = YES;
				CLANG_WARN_OBJC_ROOT_CLASS = YES_ERROR;
				CLANG_WARN_UNREACHABLE_CODE = YES;
				CLANG_WARN__DUPLICATE_METHOD_MATCH = YES;
				COPY_PHASE_STRIP = YES;
				ENABLE_NS_ASSERTIONS = NO;
				GCC_C_LANGUAGE_STANDARD = gnu99;
				GCC_WARN_64_TO_32_BIT_CONVERSION = YES;
				GCC_WARN_ABOUT_RETURN_TYPE = YES_ERROR;
				GCC_WARN_UNDECLARED_SELECTOR = YES;
				GCC_WARN_UNINITIALIZED_AUTOS = YES_AGGRESSIVE;
				GCC_WARN_UNUSED_FUNCTION = YES;
				GCC_WARN_UNUSED_VARIABLE = YES;
				IPHONEOS_DEPLOYMENT_TARGET = 7.0;
				PRODUCT_NAME = FDRequestClient;
				SDKROOT = iphoneos;
				TARGETED_DEVICE_FAMILY = "1,2";
				VALIDATE_PRODUCT = YES;
			};
			name = Release;
		};
		27AE0F4516AD966A001F5771 /* Debug */ = {
			isa = XCBuildConfiguration;
			buildSettings = {
				OTHER_LDFLAGS = "-ObjC";
				SKIP_INSTALL = YES;
			};
			name = Debug;
		};
		27AE0F4616AD966A001F5771 /* Release */ = {
			isa = XCBuildConfiguration;
			buildSettings = {
				OTHER_LDFLAGS = "-ObjC";
				SKIP_INSTALL = YES;
			};
			name = Release;
		};
		27F79DAE19B7881A00E118DB /* Debug */ = {
			isa = XCBuildConfiguration;
			buildSettings = {
				COMBINE_HIDPI_IMAGES = YES;
				CURRENT_PROJECT_VERSION = 1;
				DEFINES_MODULE = YES;
				DYLIB_COMPATIBILITY_VERSION = 1;
				DYLIB_CURRENT_VERSION = 1;
				DYLIB_INSTALL_NAME_BASE = "@rpath";
				ENABLE_STRICT_OBJC_MSGSEND = YES;
				FRAMEWORK_VERSION = A;
				INFOPLIST_FILE = "OS X Supporting Files/Info.plist";
				LD_RUNPATH_SEARCH_PATHS = "$(inherited) @executable_path/Frameworks @loader_path/Frameworks";
				MACOSX_DEPLOYMENT_TARGET = 10.9;
				SDKROOT = macosx;
				SKIP_INSTALL = YES;
				VERSIONING_SYSTEM = "apple-generic";
				VERSION_INFO_PREFIX = "";
			};
			name = Debug;
		};
		27F79DAF19B7881A00E118DB /* Release */ = {
			isa = XCBuildConfiguration;
			buildSettings = {
				COMBINE_HIDPI_IMAGES = YES;
				CURRENT_PROJECT_VERSION = 1;
				DEBUG_INFORMATION_FORMAT = "dwarf-with-dsym";
				DEFINES_MODULE = YES;
				DYLIB_COMPATIBILITY_VERSION = 1;
				DYLIB_CURRENT_VERSION = 1;
				DYLIB_INSTALL_NAME_BASE = "@rpath";
				ENABLE_STRICT_OBJC_MSGSEND = YES;
				FRAMEWORK_VERSION = A;
				INFOPLIST_FILE = "OS X Supporting Files/Info.plist";
				LD_RUNPATH_SEARCH_PATHS = "$(inherited) @executable_path/Frameworks @loader_path/Frameworks";
				MACOSX_DEPLOYMENT_TARGET = 10.9;
				SDKROOT = macosx;
				SKIP_INSTALL = YES;
				VERSIONING_SYSTEM = "apple-generic";
				VERSION_INFO_PREFIX = "";
			};
			name = Release;
		};
/* End XCBuildConfiguration section */

/* Begin XCConfigurationList section */
		2762726D19BFB36600625CA4 /* Build configuration list for PBXNativeTarget "FDRequestClient iOS" */ = {
			isa = XCConfigurationList;
			buildConfigurations = (
				2762726819BFB36600625CA4 /* Debug */,
				2762726919BFB36600625CA4 /* Release */,
			);
			defaultConfigurationIsVisible = 0;
			defaultConfigurationName = Release;
		};
		27AE0F3016AD966A001F5771 /* Build configuration list for PBXProject "FDRequestClient" */ = {
			isa = XCConfigurationList;
			buildConfigurations = (
				27AE0F4216AD966A001F5771 /* Debug */,
				27AE0F4316AD966A001F5771 /* Release */,
			);
			defaultConfigurationIsVisible = 0;
			defaultConfigurationName = Release;
		};
		27AE0F4416AD966A001F5771 /* Build configuration list for PBXNativeTarget "FDRequestClient iOS (Static)" */ = {
			isa = XCConfigurationList;
			buildConfigurations = (
				27AE0F4516AD966A001F5771 /* Debug */,
				27AE0F4616AD966A001F5771 /* Release */,
			);
			defaultConfigurationIsVisible = 0;
			defaultConfigurationName = Release;
		};
		27F79DB519B7881A00E118DB /* Build configuration list for PBXNativeTarget "FDRequestClient OS X" */ = {
			isa = XCConfigurationList;
			buildConfigurations = (
				27F79DAE19B7881A00E118DB /* Debug */,
				27F79DAF19B7881A00E118DB /* Release */,
			);
			defaultConfigurationIsVisible = 0;
			defaultConfigurationName = Release;
		};
/* End XCConfigurationList section */
	};
	rootObject = 27AE0F2D16AD966A001F5771 /* Project object */;
}
